
Microsoft Visual Studio Solution File, Format Version 12.00
# Visual Studio Version 17
VisualStudioVersion = 17.6.33815.320
MinimumVisualStudioVersion = 10.0.40219.1
Project("{2150E333-8FDC-42A3-9474-1A3956D46DE8}") = "Engine", "Engine", "{3743A7D5-FE77-4CE9-AE54-F7E6378DF7CE}"
EndProject
Project("{2150E333-8FDC-42A3-9474-1A3956D46DE8}") = "Game", "Game", "{9DA444A3-5D97-4413-B6AD-34003FB0EA86}"
EndProject
Project("{8BC9CEB8-8B4A-11D0-8D11-00A0C91BC942}") = "BeThompson Game", "Source\Game\BeThompson Game\BeThompson Game.vcxproj", "{7205EC1C-FB22-485F-A419-F1D843B50F6A}"
EndProject
Project("{8BC9CEB8-8B4A-11D0-8D11-00A0C91BC942}") = "Core", "Source\Engine\Core\Core.vcxproj", "{79CB9CBC-1E3E-4FCA-A3EC-28ACCABE1A1C}"
EndProject
Project("{8BC9CEB8-8B4A-11D0-8D11-00A0C91BC942}") = "Renderer", "Source\Engine\Renderer\Renderer.vcxproj", "{EFCA60DE-5052-4859-B011-FE2F92D65B37}"
EndProject
Project("{8BC9CEB8-8B4A-11D0-8D11-00A0C91BC942}") = "Input", "Source\Engine\Input\Input.vcxproj", "{6F1A3DD5-2CB5-415C-85F3-ACEE17333209}"
EndProject
Project("{8BC9CEB8-8B4A-11D0-8D11-00A0C91BC942}") = "Audio", "Source\Engine\Audio\Audio.vcxproj", "{7D175A5D-17B1-4241-B2BA-313903833935}"
EndProject
Project("{8BC9CEB8-8B4A-11D0-8D11-00A0C91BC942}") = "Framework", "Source\Engine\Framework\Framework.vcxproj", "{23B3FB07-26C3-422C-B3B1-87D9FBD6CC3A}"
EndProject
Global
	GlobalSection(SolutionConfigurationPlatforms) = preSolution
		Debug|x64 = Debug|x64
		Debug|x86 = Debug|x86
		Release|x64 = Release|x64
		Release|x86 = Release|x86
	EndGlobalSection
	GlobalSection(ProjectConfigurationPlatforms) = postSolution
		{7205EC1C-FB22-485F-A419-F1D843B50F6A}.Debug|x64.ActiveCfg = Debug|x64
		{7205EC1C-FB22-485F-A419-F1D843B50F6A}.Debug|x64.Build.0 = Debug|x64
		{7205EC1C-FB22-485F-A419-F1D843B50F6A}.Debug|x86.ActiveCfg = Debug|Win32
		{7205EC1C-FB22-485F-A419-F1D843B50F6A}.Debug|x86.Build.0 = Debug|Win32
		{7205EC1C-FB22-485F-A419-F1D843B50F6A}.Release|x64.ActiveCfg = Release|x64
		{7205EC1C-FB22-485F-A419-F1D843B50F6A}.Release|x64.Build.0 = Release|x64
		{7205EC1C-FB22-485F-A419-F1D843B50F6A}.Release|x86.ActiveCfg = Release|Win32
		{7205EC1C-FB22-485F-A419-F1D843B50F6A}.Release|x86.Build.0 = Release|Win32
		{79CB9CBC-1E3E-4FCA-A3EC-28ACCABE1A1C}.Debug|x64.ActiveCfg = Debug|x64
		{79CB9CBC-1E3E-4FCA-A3EC-28ACCABE1A1C}.Debug|x64.Build.0 = Debug|x64
		{79CB9CBC-1E3E-4FCA-A3EC-28ACCABE1A1C}.Debug|x86.ActiveCfg = Debug|Win32
		{79CB9CBC-1E3E-4FCA-A3EC-28ACCABE1A1C}.Debug|x86.Build.0 = Debug|Win32
		{79CB9CBC-1E3E-4FCA-A3EC-28ACCABE1A1C}.Release|x64.ActiveCfg = Release|x64
		{79CB9CBC-1E3E-4FCA-A3EC-28ACCABE1A1C}.Release|x64.Build.0 = Release|x64
		{79CB9CBC-1E3E-4FCA-A3EC-28ACCABE1A1C}.Release|x86.ActiveCfg = Release|Win32
		{79CB9CBC-1E3E-4FCA-A3EC-28ACCABE1A1C}.Release|x86.Build.0 = Release|Win32
		{EFCA60DE-5052-4859-B011-FE2F92D65B37}.Debug|x64.ActiveCfg = Debug|x64
		{EFCA60DE-5052-4859-B011-FE2F92D65B37}.Debug|x64.Build.0 = Debug|x64
		{EFCA60DE-5052-4859-B011-FE2F92D65B37}.Debug|x86.ActiveCfg = Debug|Win32
		{EFCA60DE-5052-4859-B011-FE2F92D65B37}.Debug|x86.Build.0 = Debug|Win32
		{EFCA60DE-5052-4859-B011-FE2F92D65B37}.Release|x64.ActiveCfg = Release|x64
		{EFCA60DE-5052-4859-B011-FE2F92D65B37}.Release|x64.Build.0 = Release|x64
		{EFCA60DE-5052-4859-B011-FE2F92D65B37}.Release|x86.ActiveCfg = Release|Win32
		{EFCA60DE-5052-4859-B011-FE2F92D65B37}.Release|x86.Build.0 = Release|Win32
		{6F1A3DD5-2CB5-415C-85F3-ACEE17333209}.Debug|x64.ActiveCfg = Debug|x64
		{6F1A3DD5-2CB5-415C-85F3-ACEE17333209}.Debug|x64.Build.0 = Debug|x64
		{6F1A3DD5-2CB5-415C-85F3-ACEE17333209}.Debug|x86.ActiveCfg = Debug|Win32
		{6F1A3DD5-2CB5-415C-85F3-ACEE17333209}.Debug|x86.Build.0 = Debug|Win32
		{6F1A3DD5-2CB5-415C-85F3-ACEE17333209}.Release|x64.ActiveCfg = Release|x64
		{6F1A3DD5-2CB5-415C-85F3-ACEE17333209}.Release|x64.Build.0 = Release|x64
		{6F1A3DD5-2CB5-415C-85F3-ACEE17333209}.Release|x86.ActiveCfg = Release|Win32
		{6F1A3DD5-2CB5-415C-85F3-ACEE17333209}.Release|x86.Build.0 = Release|Win32
		{7D175A5D-17B1-4241-B2BA-313903833935}.Debug|x64.ActiveCfg = Debug|x64
		{7D175A5D-17B1-4241-B2BA-313903833935}.Debug|x64.Build.0 = Debug|x64
		{7D175A5D-17B1-4241-B2BA-313903833935}.Debug|x86.ActiveCfg = Debug|Win32
		{7D175A5D-17B1-4241-B2BA-313903833935}.Debug|x86.Build.0 = Debug|Win32
		{7D175A5D-17B1-4241-B2BA-313903833935}.Release|x64.ActiveCfg = Release|x64
		{7D175A5D-17B1-4241-B2BA-313903833935}.Release|x64.Build.0 = Release|x64
		{7D175A5D-17B1-4241-B2BA-313903833935}.Release|x86.ActiveCfg = Release|Win32
		{7D175A5D-17B1-4241-B2BA-313903833935}.Release|x86.Build.0 = Release|Win32
		{23B3FB07-26C3-422C-B3B1-87D9FBD6CC3A}.Debug|x64.ActiveCfg = Debug|x64
		{23B3FB07-26C3-422C-B3B1-87D9FBD6CC3A}.Debug|x64.Build.0 = Debug|x64
		{23B3FB07-26C3-422C-B3B1-87D9FBD6CC3A}.Debug|x86.ActiveCfg = Debug|Win32
		{23B3FB07-26C3-422C-B3B1-87D9FBD6CC3A}.Debug|x86.Build.0 = Debug|Win32
		{23B3FB07-26C3-422C-B3B1-87D9FBD6CC3A}.Release|x64.ActiveCfg = Release|x64
		{23B3FB07-26C3-422C-B3B1-87D9FBD6CC3A}.Release|x64.Build.0 = Release|x64
		{23B3FB07-26C3-422C-B3B1-87D9FBD6CC3A}.Release|x86.ActiveCfg = Release|Win32
		{23B3FB07-26C3-422C-B3B1-87D9FBD6CC3A}.Release|x86.Build.0 = Release|Win32
	EndGlobalSection
	GlobalSection(SolutionProperties) = preSolution
		HideSolutionNode = FALSE
	EndGlobalSection
	GlobalSection(NestedProjects) = preSolution
		{7205EC1C-FB22-485F-A419-F1D843B50F6A} = {9DA444A3-5D97-4413-B6AD-34003FB0EA86}
		{79CB9CBC-1E3E-4FCA-A3EC-28ACCABE1A1C} = {3743A7D5-FE77-4CE9-AE54-F7E6378DF7CE}
		{EFCA60DE-5052-4859-B011-FE2F92D65B37} = {3743A7D5-FE77-4CE9-AE54-F7E6378DF7CE}
		{6F1A3DD5-2CB5-415C-85F3-ACEE17333209} = {3743A7D5-FE77-4CE9-AE54-F7E6378DF7CE}
		{7D175A5D-17B1-4241-B2BA-313903833935} = {3743A7D5-FE77-4CE9-AE54-F7E6378DF7CE}
		{23B3FB07-26C3-422C-B3B1-87D9FBD6CC3A} = {3743A7D5-FE77-4CE9-AE54-F7E6378DF7CE}
	EndGlobalSection
	GlobalSection(ExtensibilityGlobals) = postSolution
		SolutionGuid = {5F81A4D5-08A5-4C7A-ABA3-27C0DE3E2456}
	EndGlobalSection
EndGlobal
